
Microsoft Visual Studio Solution File, Format Version 12.00
# Visual Studio 15
VisualStudioVersion = 15.0.28307.489
MinimumVisualStudioVersion = 10.0.40219.1
Project("{8BC9CEB8-8B4A-11D0-8D11-00A0C91BC942}") = "practice12", "practice12\practice12.vcxproj", "{58927B9C-734D-4402-B844-4088A0739BB2}"
EndProject
Global
	GlobalSection(SolutionConfigurationPlatforms) = preSolution
		Debug|x64 = Debug|x64
		Debug|x86 = Debug|x86
		Release|x64 = Release|x64
		Release|x86 = Release|x86
	EndGlobalSection
	GlobalSection(ProjectConfigurationPlatforms) = postSolution
		{58927B9C-734D-4402-B844-4088A0739BB2}.Debug|x64.ActiveCfg = Debug|x64
		{58927B9C-734D-4402-B844-4088A0739BB2}.Debug|x64.Build.0 = Debug|x64
		{58927B9C-734D-4402-B844-4088A0739BB2}.Debug|x86.ActiveCfg = Debug|Win32
		{58927B9C-734D-4402-B844-4088A0739BB2}.Debug|x86.Build.0 = Debug|Win32
		{58927B9C-734D-4402-B844-4088A0739BB2}.Release|x64.ActiveCfg = Release|x64
		{58927B9C-734D-4402-B844-4088A0739BB2}.Release|x64.Build.0 = Release|x64
		{58927B9C-734D-4402-B844-4088A0739BB2}.Release|x86.ActiveCfg = Release|Win32
		{58927B9C-734D-4402-B844-4088A0739BB2}.Release|x86.Build.0 = Release|Win32
	EndGlobalSection
	GlobalSection(SolutionProperties) = preSolution
		HideSolutionNode = FALSE
	EndGlobalSection
	GlobalSection(ExtensibilityGlobals) = postSolution
		SolutionGuid = {14A4E08B-925F-4C9E-BB61-7B48206D67EF}
	EndGlobalSection
EndGlobal
