
Microsoft Visual Studio Solution File, Format Version 12.00
# Visual Studio 15
VisualStudioVersion = 15.0.28307.489
MinimumVisualStudioVersion = 10.0.40219.1
Project("{8BC9CEB8-8B4A-11D0-8D11-00A0C91BC942}") = "practice11", "practice11\practice11.vcxproj", "{CA6F6A0D-7662-404E-ACC0-60421A26C6EC}"
EndProject
Global
	GlobalSection(SolutionConfigurationPlatforms) = preSolution
		Debug|x64 = Debug|x64
		Debug|x86 = Debug|x86
		Release|x64 = Release|x64
		Release|x86 = Release|x86
	EndGlobalSection
	GlobalSection(ProjectConfigurationPlatforms) = postSolution
		{CA6F6A0D-7662-404E-ACC0-60421A26C6EC}.Debug|x64.ActiveCfg = Debug|x64
		{CA6F6A0D-7662-404E-ACC0-60421A26C6EC}.Debug|x64.Build.0 = Debug|x64
		{CA6F6A0D-7662-404E-ACC0-60421A26C6EC}.Debug|x86.ActiveCfg = Debug|Win32
		{CA6F6A0D-7662-404E-ACC0-60421A26C6EC}.Debug|x86.Build.0 = Debug|Win32
		{CA6F6A0D-7662-404E-ACC0-60421A26C6EC}.Release|x64.ActiveCfg = Release|x64
		{CA6F6A0D-7662-404E-ACC0-60421A26C6EC}.Release|x64.Build.0 = Release|x64
		{CA6F6A0D-7662-404E-ACC0-60421A26C6EC}.Release|x86.ActiveCfg = Release|Win32
		{CA6F6A0D-7662-404E-ACC0-60421A26C6EC}.Release|x86.Build.0 = Release|Win32
	EndGlobalSection
	GlobalSection(SolutionProperties) = preSolution
		HideSolutionNode = FALSE
	EndGlobalSection
	GlobalSection(ExtensibilityGlobals) = postSolution
		SolutionGuid = {2B3AA72B-E3B3-4D7F-B30C-BC30C295DA1C}
	EndGlobalSection
EndGlobal
