
Microsoft Visual Studio Solution File, Format Version 12.00
# Visual Studio 15
VisualStudioVersion = 15.0.28307.438
MinimumVisualStudioVersion = 10.0.40219.1
Project("{8BC9CEB8-8B4A-11D0-8D11-00A0C91BC942}") = "practice7", "practice7\practice7.vcxproj", "{A319F543-D513-40AC-8F83-D3B113D5D409}"
EndProject
Global
	GlobalSection(SolutionConfigurationPlatforms) = preSolution
		Debug|x64 = Debug|x64
		Debug|x86 = Debug|x86
		Release|x64 = Release|x64
		Release|x86 = Release|x86
	EndGlobalSection
	GlobalSection(ProjectConfigurationPlatforms) = postSolution
		{A319F543-D513-40AC-8F83-D3B113D5D409}.Debug|x64.ActiveCfg = Debug|x64
		{A319F543-D513-40AC-8F83-D3B113D5D409}.Debug|x64.Build.0 = Debug|x64
		{A319F543-D513-40AC-8F83-D3B113D5D409}.Debug|x86.ActiveCfg = Debug|Win32
		{A319F543-D513-40AC-8F83-D3B113D5D409}.Debug|x86.Build.0 = Debug|Win32
		{A319F543-D513-40AC-8F83-D3B113D5D409}.Release|x64.ActiveCfg = Release|x64
		{A319F543-D513-40AC-8F83-D3B113D5D409}.Release|x64.Build.0 = Release|x64
		{A319F543-D513-40AC-8F83-D3B113D5D409}.Release|x86.ActiveCfg = Release|Win32
		{A319F543-D513-40AC-8F83-D3B113D5D409}.Release|x86.Build.0 = Release|Win32
	EndGlobalSection
	GlobalSection(SolutionProperties) = preSolution
		HideSolutionNode = FALSE
	EndGlobalSection
	GlobalSection(ExtensibilityGlobals) = postSolution
		SolutionGuid = {6832C210-A1FD-46B3-93C3-A427B36E6110}
	EndGlobalSection
EndGlobal
