
Microsoft Visual Studio Solution File, Format Version 12.00
# Visual Studio Version 16
VisualStudioVersion = 16.0.28803.156
MinimumVisualStudioVersion = 10.0.40219.1
Project("{8BC9CEB8-8B4A-11D0-8D11-00A0C91BC942}") = "practice12", "practice12\practice12.vcxproj", "{BDD91F39-D71B-4915-9A77-D69C32EBA963}"
EndProject
Global
	GlobalSection(SolutionConfigurationPlatforms) = preSolution
		Debug|x64 = Debug|x64
		Debug|x86 = Debug|x86
		Release|x64 = Release|x64
		Release|x86 = Release|x86
	EndGlobalSection
	GlobalSection(ProjectConfigurationPlatforms) = postSolution
		{BDD91F39-D71B-4915-9A77-D69C32EBA963}.Debug|x64.ActiveCfg = Debug|x64
		{BDD91F39-D71B-4915-9A77-D69C32EBA963}.Debug|x64.Build.0 = Debug|x64
		{BDD91F39-D71B-4915-9A77-D69C32EBA963}.Debug|x86.ActiveCfg = Debug|Win32
		{BDD91F39-D71B-4915-9A77-D69C32EBA963}.Debug|x86.Build.0 = Debug|Win32
		{BDD91F39-D71B-4915-9A77-D69C32EBA963}.Release|x64.ActiveCfg = Release|x64
		{BDD91F39-D71B-4915-9A77-D69C32EBA963}.Release|x64.Build.0 = Release|x64
		{BDD91F39-D71B-4915-9A77-D69C32EBA963}.Release|x86.ActiveCfg = Release|Win32
		{BDD91F39-D71B-4915-9A77-D69C32EBA963}.Release|x86.Build.0 = Release|Win32
	EndGlobalSection
	GlobalSection(SolutionProperties) = preSolution
		HideSolutionNode = FALSE
	EndGlobalSection
	GlobalSection(ExtensibilityGlobals) = postSolution
		SolutionGuid = {4EF14260-0836-4A63-A10D-0FBAC64FED00}
	EndGlobalSection
EndGlobal
