
Microsoft Visual Studio Solution File, Format Version 12.00
# Visual Studio 15
VisualStudioVersion = 15.0.28307.438
MinimumVisualStudioVersion = 10.0.40219.1
Project("{8BC9CEB8-8B4A-11D0-8D11-00A0C91BC942}") = "practice9", "practice9\practice9.vcxproj", "{A4449E22-5D4A-4766-8E59-21048D8E8C2D}"
EndProject
Global
	GlobalSection(SolutionConfigurationPlatforms) = preSolution
		Debug|x64 = Debug|x64
		Debug|x86 = Debug|x86
		Release|x64 = Release|x64
		Release|x86 = Release|x86
	EndGlobalSection
	GlobalSection(ProjectConfigurationPlatforms) = postSolution
		{A4449E22-5D4A-4766-8E59-21048D8E8C2D}.Debug|x64.ActiveCfg = Debug|x64
		{A4449E22-5D4A-4766-8E59-21048D8E8C2D}.Debug|x64.Build.0 = Debug|x64
		{A4449E22-5D4A-4766-8E59-21048D8E8C2D}.Debug|x86.ActiveCfg = Debug|Win32
		{A4449E22-5D4A-4766-8E59-21048D8E8C2D}.Debug|x86.Build.0 = Debug|Win32
		{A4449E22-5D4A-4766-8E59-21048D8E8C2D}.Release|x64.ActiveCfg = Release|x64
		{A4449E22-5D4A-4766-8E59-21048D8E8C2D}.Release|x64.Build.0 = Release|x64
		{A4449E22-5D4A-4766-8E59-21048D8E8C2D}.Release|x86.ActiveCfg = Release|Win32
		{A4449E22-5D4A-4766-8E59-21048D8E8C2D}.Release|x86.Build.0 = Release|Win32
	EndGlobalSection
	GlobalSection(SolutionProperties) = preSolution
		HideSolutionNode = FALSE
	EndGlobalSection
	GlobalSection(ExtensibilityGlobals) = postSolution
		SolutionGuid = {FD0BA24F-54D0-45FB-8655-41D5378D8C2A}
	EndGlobalSection
EndGlobal
