
Microsoft Visual Studio Solution File, Format Version 12.00
# Visual Studio 15
VisualStudioVersion = 15.0.28307.489
MinimumVisualStudioVersion = 10.0.40219.1
Project("{8BC9CEB8-8B4A-11D0-8D11-00A0C91BC942}") = "practice10", "practice10\practice10.vcxproj", "{E9946B0C-4414-4FD6-A8D8-DA5FA6F306EC}"
EndProject
Global
	GlobalSection(SolutionConfigurationPlatforms) = preSolution
		Debug|x64 = Debug|x64
		Debug|x86 = Debug|x86
		Release|x64 = Release|x64
		Release|x86 = Release|x86
	EndGlobalSection
	GlobalSection(ProjectConfigurationPlatforms) = postSolution
		{E9946B0C-4414-4FD6-A8D8-DA5FA6F306EC}.Debug|x64.ActiveCfg = Debug|x64
		{E9946B0C-4414-4FD6-A8D8-DA5FA6F306EC}.Debug|x64.Build.0 = Debug|x64
		{E9946B0C-4414-4FD6-A8D8-DA5FA6F306EC}.Debug|x86.ActiveCfg = Debug|Win32
		{E9946B0C-4414-4FD6-A8D8-DA5FA6F306EC}.Debug|x86.Build.0 = Debug|Win32
		{E9946B0C-4414-4FD6-A8D8-DA5FA6F306EC}.Release|x64.ActiveCfg = Release|x64
		{E9946B0C-4414-4FD6-A8D8-DA5FA6F306EC}.Release|x64.Build.0 = Release|x64
		{E9946B0C-4414-4FD6-A8D8-DA5FA6F306EC}.Release|x86.ActiveCfg = Release|Win32
		{E9946B0C-4414-4FD6-A8D8-DA5FA6F306EC}.Release|x86.Build.0 = Release|Win32
	EndGlobalSection
	GlobalSection(SolutionProperties) = preSolution
		HideSolutionNode = FALSE
	EndGlobalSection
	GlobalSection(ExtensibilityGlobals) = postSolution
		SolutionGuid = {3BDDAF4D-6124-46A2-8950-48C43100C9BE}
	EndGlobalSection
EndGlobal
